dependencies:
- name: newrelic-infrastructure
  repository: https://newrelic.github.io/nri-kubernetes
  version: 3.38.1
- name: nri-prometheus
  repository: https://newrelic.github.io/nri-prometheus
  version: 2.1.19
- name: newrelic-prometheus-agent
  repository: https://newrelic.github.io/newrelic-prometheus-configurator
  version: 1.16.1
- name: nri-metadata-injection
  repository: https://newrelic.github.io/k8s-metadata-injection
  version: 4.23.1
- name: newrelic-k8s-metrics-adapter
  repository: https://newrelic.github.io/newrelic-k8s-metrics-adapter
  version: 1.13.5
- name: kube-state-metrics
  repository: https://prometheus-community.github.io/helm-charts
  version: 5.26.0
- name: nri-kube-events
  repository: https://newrelic.github.io/nri-kube-events
  version: 3.11.6
- name: newrelic-logging
  repository: https://newrelic.github.io/helm-charts
  version: 1.23.5
- name: newrelic-pixie
  repository: https://newrelic.github.io/helm-charts
  version: 2.1.6
- name: k8s-agents-operator
  repository: https://newrelic.github.io/k8s-agents-operator
  version: 0.20.1
- name: pixie-operator-chart
  repository: https://pixie-operator-charts.storage.googleapis.com
  version: 0.1.7
- name: newrelic-infra-operator
  repository: https://newrelic.github.io/newrelic-infra-operator
  version: 2.13.5
digest: sha256:36eb479d914f82a0725fabd9ea4a2caf571d461b138b265729298a92c21267a3
generated: "2025-01-27T15:27:11.813592884Z"
