dependencies:
- name: newrelic-infrastructure
  repository: https://newrelic.github.io/nri-kubernetes
  version: 3.20.3
- name: nri-prometheus
  repository: https://newrelic.github.io/nri-prometheus
  version: 2.1.17
- name: newrelic-prometheus-agent
  repository: https://newrelic.github.io/newrelic-prometheus-configurator
  version: 1.2.2
- name: nri-metadata-injection
  repository: https://newrelic.github.io/k8s-metadata-injection
  version: 4.3.2
- name: newrelic-k8s-metrics-adapter
  repository: https://newrelic.github.io/newrelic-k8s-metrics-adapter
  version: 1.2.1
- name: kube-state-metrics
  repository: https://prometheus-community.github.io/helm-charts
  version: 4.23.0
- name: nri-kube-events
  repository: https://newrelic.github.io/nri-kube-events
  version: 3.1.2
- name: newrelic-logging
  repository: https://newrelic.github.io/helm-charts
  version: 1.18.1
- name: newrelic-pixie
  repository: https://newrelic.github.io/helm-charts
  version: 2.1.2
- name: pixie-operator-chart
  repository: https://pixie-operator-charts.storage.googleapis.com
  version: 0.1.4
- name: newrelic-infra-operator
  repository: https://newrelic.github.io/newrelic-infra-operator
  version: 2.2.2
digest: sha256:ade19c524ea42c1f7f584e54a58f32ff62b90382f5b2d5191dc664743f74da40
generated: "2023-08-02T02:07:16.362898985Z"
