dependencies:
- name: newrelic-infrastructure
  repository: https://newrelic.github.io/nri-kubernetes
  version: 3.33.4
- name: nri-prometheus
  repository: https://newrelic.github.io/nri-prometheus
  version: 2.1.17
- name: newrelic-prometheus-agent
  repository: https://newrelic.github.io/newrelic-prometheus-configurator
  version: 1.13.0
- name: nri-metadata-injection
  repository: https://newrelic.github.io/k8s-metadata-injection
  version: 4.19.0
- name: newrelic-k8s-metrics-adapter
  repository: https://newrelic.github.io/newrelic-k8s-metrics-adapter
  version: 1.10.2
- name: kube-state-metrics
  repository: https://prometheus-community.github.io/helm-charts
  version: 5.12.1
- name: nri-kube-events
  repository: https://newrelic.github.io/nri-kube-events
  version: 3.9.6
- name: newrelic-logging
  repository: https://newrelic.github.io/helm-charts
  version: 1.21.3
- name: newrelic-pixie
  repository: https://newrelic.github.io/helm-charts
  version: 2.1.4
- name: pixie-operator-chart
  repository: https://pixie-operator-charts.storage.googleapis.com
  version: 0.1.4
- name: newrelic-infra-operator
  repository: https://newrelic.github.io/newrelic-infra-operator
  version: 2.10.0
digest: sha256:6917aeb854737d43d0cd3847024cc421030faae27eebb90bd8646d0953ab412f
generated: "2024-04-29T15:29:01.302193264Z"
