dependencies:
- name: newrelic-infrastructure
  repository: file://../newrelic-infrastructure
  version: 1.3.0
- name: nri-prometheus
  repository: file://../nri-prometheus
  version: 1.2.0
- name: nri-metadata-injection
  repository: file://../nri-metadata-injection
  version: 1.1.0
- name: kube-state-metrics
  repository: https://kubernetes-charts.storage.googleapis.com
  version: 2.8.1
- name: nri-kube-events
  repository: file://../nri-kube-events
  version: 1.2.1
- name: newrelic-logging
  repository: file://../newrelic-logging
  version: 1.2.0
digest: sha256:73e3e8a96640576773fd47a550f2ca453a13060332c9f62bba4311e86c5cc1e5
generated: "2020-08-31T17:01:59.985438+02:00"
