dependencies:
- name: newrelic-infrastructure
  repository: file://../newrelic-infrastructure
  version: 2.7.3
- name: nri-prometheus
  repository: file://../nri-prometheus
  version: 1.11.0
- name: nri-metadata-injection
  repository: file://../nri-metadata-injection
  version: 2.1.1
- name: newrelic-k8s-metrics-adapter
  repository: file://../newrelic-k8s-metrics-adapter
  version: 0.1.1
- name: kube-state-metrics
  repository: https://kubernetes.github.io/kube-state-metrics
  version: 2.13.2
- name: nri-kube-events
  repository: file://../nri-kube-events
  version: 1.11.0
- name: newrelic-logging
  repository: file://../newrelic-logging
  version: 1.10.6
- name: newrelic-pixie
  repository: file://../newrelic-pixie
  version: 1.4.2
- name: pixie-operator-helm2-chart
  repository: https://pixie-operator-charts.storage.googleapis.com
  version: 0.0.15
- name: newrelic-infra-operator
  repository: file://../newrelic-infra-operator
  version: 0.4.0
digest: sha256:2232ad080415de40a345bfd1cc2003c190dc5581bfd5f3719d0242753e9d5085
generated: "2021-11-24T13:43:00.367446+01:00"
