dependencies:
- name: newrelic-infrastructure
  repository: file://../newrelic-infrastructure
  version: 2.7.0
- name: nri-prometheus
  repository: file://../nri-prometheus
  version: 1.10.0
- name: nri-metadata-injection
  repository: file://../nri-metadata-injection
  version: 2.1.0
- name: newrelic-k8s-metrics-adapter
  repository: file://../newrelic-k8s-metrics-adapter
  version: 0.1.0
- name: kube-state-metrics
  repository: https://kubernetes.github.io/kube-state-metrics
  version: 2.13.2
- name: nri-kube-events
  repository: file://../nri-kube-events
  version: 1.10.0
- name: newrelic-logging
  repository: file://../newrelic-logging
  version: 1.10.0
- name: newrelic-pixie
  repository: file://../newrelic-pixie
  version: 1.4.1
- name: pixie-operator-helm2-chart
  repository: https://pixie-operator-charts.storage.googleapis.com
  version: 0.0.12
- name: newrelic-infra-operator
  repository: file://../newrelic-infra-operator
  version: 0.3.0
digest: sha256:157699ef9002b4550bc108dda4f5ac7e3937037e540cc84e78a9264aefc2c29d
generated: "2021-10-21T17:00:18.973721+02:00"
