dependencies:
- name: flux2
  repository: https://fluxcd-community.github.io/helm-charts
  version: 2.15.0
- name: agent-control-deployment
  repository: ""
  version: 0.0.44
- name: common-library
  repository: https://helm-charts.newrelic.com
  version: 1.3.1
digest: sha256:00600583904b3934f9824a1b4b71e1d6ecfdb6a0a4e51649479894d5c5bd05b1
generated: "2025-03-31T14:13:00.948418+02:00"
