dependencies:
- name: flux2
  repository: https://fluxcd-community.github.io/helm-charts
  version: 2.15.0
- name: agent-control-deployment
  repository: ""
  version: 0.0.43-beta
- name: common-library
  repository: https://helm-charts.newrelic.com
  version: 1.3.1
digest: sha256:ee8870a8a8409453d766f6b2524cd0fa106bfefa6dd29c3fcac25c5b21ebabd8
generated: "2025-03-25T14:46:00.346112+01:00"
