dependencies:
- name: flux2
  repository: https://fluxcd-community.github.io/helm-charts
  version: 2.14.1
- name: agent-control-deployment
  repository: ""
  version: 0.0.37-beta
- name: common-library
  repository: https://helm-charts.newrelic.com
  version: 1.3.1
digest: sha256:e6b768a79c07e07fc1191cd16d302982cba710a8ad56cc4de6cbc3d28b713772
generated: "2025-02-12T11:10:38.481423+01:00"
