dependencies:
- name: flux2
  repository: https://fluxcd-community.github.io/helm-charts
  version: 2.13.0
- name: super-agent-deployment
  repository: ""
  version: 0.0.28-beta
- name: common-library
  repository: https://helm-charts.newrelic.com
  version: 1.3.0
digest: sha256:1f0d1be3ed6ab4f1cde3dd610f0743f217651cd93a87a2447d656452d0eaf853
generated: "2024-12-02T16:47:50.023256+01:00"
