dependencies:
- name: flux2
  repository: https://fluxcd-community.github.io/helm-charts
  version: 2.13.0
- name: super-agent-deployment
  repository: ""
  version: 0.0.24-beta
- name: common-library
  repository: https://helm-charts.newrelic.com
  version: 1.2.0
digest: sha256:086b41600ab3d223dad41b20b0bec3952efef31df0f8971aa604b67e662a3a2d
generated: "2024-09-23T09:52:08.355199+02:00"
