dependencies:
- name: flux2
  repository: https://fluxcd-community.github.io/helm-charts
  version: 2.10.2
- name: common-library
  repository: https://helm-charts.newrelic.com
  version: 1.1.1
digest: sha256:57c36ffa5aab515d1ed06d72d6f5f24461fff6554b44d1f49c4f7d5a92b12ead
generated: "2023-10-23T16:25:34.046118+02:00"
