dependencies:
- name: common-library
  repository: https://helm-charts.newrelic.com
  version: 2.2.0
- name: kube-state-metrics
  repository: https://prometheus-community.github.io/helm-charts
  version: 6.1.5
digest: sha256:a76de1a84dff59d20bcaaefe92597c96cebdabdba979aa7afdafd6066ef62f2f
generated: "2026-05-12T15:30:37.923216-07:00"
