dependencies:
- name: common-library
  repository: https://helm-charts.newrelic.com
  version: 1.1.1
- name: kube-state-metrics
  repository: https://prometheus-community.github.io/helm-charts
  version: 5.18.0
digest: sha256:983e19d03aa4d939d6c57d90e0aac14fe1b7e0686276efca139fea1f90ced8d5
generated: "2024-04-23T15:17:04.144935-07:00"
