dependencies:
- name: common-library
  repository: https://helm-charts.newrelic.com
  version: 1.4.0
- name: kube-state-metrics
  repository: https://prometheus-community.github.io/helm-charts
  version: 6.1.5
digest: sha256:b09b6044a258b9bcf3b55eccb8bd5d2dc12a2b8150468f89940110c76bc84856
generated: "2025-12-15T18:09:43.710849614Z"
