dependencies:
- name: newrelic-infrastructure
  repository: https://newrelic.github.io/nri-kubernetes
  version: 2.10.3
- name: nri-prometheus
  repository: https://newrelic.github.io/helm-charts
  version: 1.14.1
- name: nri-metadata-injection
  repository: https://newrelic.github.io/helm-charts
  version: 2.2.1
- name: newrelic-k8s-metrics-adapter
  repository: https://newrelic.github.io/helm-charts
  version: 0.3.3
- name: kube-state-metrics
  repository: https://kubernetes.github.io/kube-state-metrics
  version: 2.13.2
- name: nri-kube-events
  repository: https://newrelic.github.io/helm-charts
  version: 1.13.1
- name: newrelic-logging
  repository: https://newrelic.github.io/helm-charts
  version: 1.10.9
- name: newrelic-pixie
  repository: https://newrelic.github.io/helm-charts
  version: 1.5.1
- name: pixie-operator-helm2-chart
  repository: https://pixie-operator-charts.storage.googleapis.com
  version: 0.0.25
- name: newrelic-infra-operator
  repository: https://newrelic.github.io/helm-charts
  version: 0.6.1
digest: sha256:58a9b0fc94b815eded6ec8aff350d1262b4410b13db6f22cfd9a774896962bb0
generated: "2022-05-13T14:35:32.853274+02:00"
