dependencies:
- name: newrelic-infrastructure
  repository: https://newrelic.github.io/helm-charts
  version: 2.10.1
- name: nri-prometheus
  repository: https://newrelic.github.io/helm-charts
  version: 1.14.1
- name: nri-metadata-injection
  repository: https://newrelic.github.io/helm-charts
  version: 2.2.1
- name: newrelic-k8s-metrics-adapter
  repository: https://newrelic.github.io/helm-charts
  version: 0.3.3
- name: kube-state-metrics
  repository: https://kubernetes.github.io/kube-state-metrics
  version: 2.13.2
- name: nri-kube-events
  repository: https://newrelic.github.io/helm-charts
  version: 1.13.1
- name: newrelic-logging
  repository: https://newrelic.github.io/helm-charts
  version: 1.10.9
- name: newrelic-pixie
  repository: https://newrelic.github.io/helm-charts
  version: 1.5.1
- name: pixie-operator-helm2-chart
  repository: https://pixie-operator-charts.storage.googleapis.com
  version: 0.0.25
- name: newrelic-infra-operator
  repository: https://newrelic.github.io/helm-charts
  version: 0.6.1
digest: sha256:f50918360870d3a842a8d59f08fb54f9384ec30fd9f0fe457ad0310bb83bf621
generated: "2022-05-09T11:39:36.48361+02:00"
