dependencies:
- name: newrelic-infrastructure
  repository: file://../newrelic-infrastructure
  version: 2.10.1
- name: nri-prometheus
  repository: file://../nri-prometheus
  version: 1.14.1
- name: nri-metadata-injection
  repository: file://../nri-metadata-injection
  version: 2.2.1
- name: newrelic-k8s-metrics-adapter
  repository: https://newrelic.github.io/newrelic-k8s-metrics-adapter
  version: 0.7.3
- name: kube-state-metrics
  repository: https://kubernetes.github.io/kube-state-metrics
  version: 2.13.2
- name: nri-kube-events
  repository: file://../nri-kube-events
  version: 1.13.1
- name: newrelic-logging
  repository: file://../newrelic-logging
  version: 1.10.9
- name: newrelic-pixie
  repository: file://../newrelic-pixie
  version: 1.5.1
- name: pixie-operator-helm2-chart
  repository: https://pixie-operator-charts.storage.googleapis.com
  version: 0.0.25
- name: newrelic-infra-operator
  repository: file://../newrelic-infra-operator
  version: 0.6.1
digest: sha256:bb1bf869c839d74863bc23ba8f4f93c3d03f71a465e4d63c5fe9fa59bdf87c40
generated: "2022-05-04T14:01:15.518817+02:00"
